
Microsoft Visual Studio Solution File, Format Version 12.00
# Visual Studio Version 17
VisualStudioVersion = 17.2.32526.322
MinimumVisualStudioVersion = 10.0.40219.1
Project("{FAE04EC0-301F-11D3-BF4B-00C04F79EFBC}") = "App5.Android", "App5.Android\App5.Android.csproj", "{BA7E6CEA-4899-4569-AADA-DA3EB4B63AD1}"
EndProject
Project("{FAE04EC0-301F-11D3-BF4B-00C04F79EFBC}") = "App5", "App5\App5.csproj", "{0F7A42C7-367C-4875-870F-837D69B28D0D}"
EndProject
Global
	GlobalSection(SolutionConfigurationPlatforms) = preSolution
		Debug|Any CPU = Debug|Any CPU
		Release|Any CPU = Release|Any CPU
	EndGlobalSection
	GlobalSection(ProjectConfigurationPlatforms) = postSolution
		{BA7E6CEA-4899-4569-AADA-DA3EB4B63AD1}.Debug|Any CPU.ActiveCfg = Debug|Any CPU
		{BA7E6CEA-4899-4569-AADA-DA3EB4B63AD1}.Debug|Any CPU.Build.0 = Debug|Any CPU
		{BA7E6CEA-4899-4569-AADA-DA3EB4B63AD1}.Debug|Any CPU.Deploy.0 = Debug|Any CPU
		{BA7E6CEA-4899-4569-AADA-DA3EB4B63AD1}.Release|Any CPU.ActiveCfg = Release|Any CPU
		{BA7E6CEA-4899-4569-AADA-DA3EB4B63AD1}.Release|Any CPU.Build.0 = Release|Any CPU
		{BA7E6CEA-4899-4569-AADA-DA3EB4B63AD1}.Release|Any CPU.Deploy.0 = Release|Any CPU
		{0F7A42C7-367C-4875-870F-837D69B28D0D}.Debug|Any CPU.ActiveCfg = Debug|Any CPU
		{0F7A42C7-367C-4875-870F-837D69B28D0D}.Debug|Any CPU.Build.0 = Debug|Any CPU
		{0F7A42C7-367C-4875-870F-837D69B28D0D}.Debug|Any CPU.Deploy.0 = Debug|Any CPU
		{0F7A42C7-367C-4875-870F-837D69B28D0D}.Release|Any CPU.ActiveCfg = Release|Any CPU
		{0F7A42C7-367C-4875-870F-837D69B28D0D}.Release|Any CPU.Build.0 = Release|Any CPU
		{0F7A42C7-367C-4875-870F-837D69B28D0D}.Release|Any CPU.Deploy.0 = Release|Any CPU
	EndGlobalSection
	GlobalSection(SolutionProperties) = preSolution
		HideSolutionNode = FALSE
	EndGlobalSection
	GlobalSection(ExtensibilityGlobals) = postSolution
		SolutionGuid = {0875A435-CDB4-41D3-9B48-EDFD25F33645}
	EndGlobalSection
EndGlobal
